
Microsoft Visual Studio Solution File, Format Version 12.00
# Visual Studio Version 17
VisualStudioVersion = 17.0.32014.148
MinimumVisualStudioVersion = 10.0.40219.1
Project("{2150E333-8FDC-42A3-9474-1A3956D46DE8}") = "src", "src", "{C6554F25-336C-483C-960C-13A9CFB1508F}"
EndProject
Project("{2150E333-8FDC-42A3-9474-1A3956D46DE8}") = "Building Blocks", "Building Blocks", "{CC8B2A90-5D92-4D8F-BE7C-4AF473ADC0BA}"
EndProject
Project("{2150E333-8FDC-42A3-9474-1A3956D46DE8}") = "Services", "Services", "{108D40A7-248D-4986-B456-AE0108B7A366}"
EndProject
Project("{2150E333-8FDC-42A3-9474-1A3956D46DE8}") = "Web", "Web", "{468DF039-C050-4BA0-BC81-2B4CAFCE54E7}"
EndProject
Project("{2150E333-8FDC-42A3-9474-1A3956D46DE8}") = "Identity", "Identity", "{54C5CA2E-65E0-4826-A08B-A8A0528DB6BE}"
EndProject
Project("{FAE04EC0-301F-11D3-BF4B-00C04F79EFBC}") = "NS.Identity.API", "src\services\NS.Identity.API\NS.Identity.API.csproj", "{B6BD4CA4-4161-489A-A3A4-5081537D3E47}"
EndProject
Project("{2150E333-8FDC-42A3-9474-1A3956D46DE8}") = "MVC", "MVC", "{97604FA2-DB32-4AE2-8C2A-C249EA731913}"
EndProject
Project("{FAE04EC0-301F-11D3-BF4B-00C04F79EFBC}") = "NS.WebApp.MVC", "src\web\NS.WebApp.MVC\NS.WebApp.MVC.csproj", "{0B686191-DADC-43E3-98F3-967D4C81BE40}"
EndProject
Project("{2150E333-8FDC-42A3-9474-1A3956D46DE8}") = "Core", "Core", "{315DA7B6-6880-4FB9-8F30-0CB4A2CDD205}"
EndProject
Project("{FAE04EC0-301F-11D3-BF4B-00C04F79EFBC}") = "NS.Core", "src\building blocks\NS.Core\NS.Core.csproj", "{1BDDE343-8DD1-4FEF-9C19-8885277FC515}"
EndProject
Project("{2150E333-8FDC-42A3-9474-1A3956D46DE8}") = "Cart", "Cart", "{5AFA573A-1F7F-4149-8299-52E99A40D162}"
EndProject
Project("{2150E333-8FDC-42A3-9474-1A3956D46DE8}") = "Catalog", "Catalog", "{6092BC41-FA93-4B9D-973D-499CDCFF7E6A}"
EndProject
Project("{2150E333-8FDC-42A3-9474-1A3956D46DE8}") = "Client", "Client", "{9E6D1C65-9C16-430C-BEC6-9B4FD9D3EF52}"
EndProject
Project("{2150E333-8FDC-42A3-9474-1A3956D46DE8}") = "Purchase", "Purchase", "{2F41F69F-8F7A-4CCC-9DAD-98EDB52F5978}"
EndProject
Project("{2150E333-8FDC-42A3-9474-1A3956D46DE8}") = "Order", "Order", "{F085D14A-095B-46A4-BF62-C1218BCC5AD2}"
EndProject
Project("{FAE04EC0-301F-11D3-BF4B-00C04F79EFBC}") = "NS.Cart.API", "src\services\NS.Cart.API\NS.Cart.API.csproj", "{9A0AD8BE-6506-4470-9AB2-57D1AAE002F6}"
EndProject
Project("{FAE04EC0-301F-11D3-BF4B-00C04F79EFBC}") = "NS.Catalog.API", "src\services\NS.Catalog.API\NS.Catalog.API.csproj", "{7EC5BCED-0399-4C7C-AE4F-BDD0D12674D7}"
EndProject
Project("{FAE04EC0-301F-11D3-BF4B-00C04F79EFBC}") = "NS.Client.API", "src\services\NS.Client.API\NS.Client.API.csproj", "{20C14438-8F49-4DF7-A49E-76FF3E946D0A}"
EndProject
Project("{FAE04EC0-301F-11D3-BF4B-00C04F79EFBC}") = "NS.Order.API", "src\services\NS.Order.API\NS.Order.API.csproj", "{D8B49AC2-277F-43F1-91AB-9FFB10F1F0B8}"
EndProject
Project("{FAE04EC0-301F-11D3-BF4B-00C04F79EFBC}") = "NS.Purchase.API", "src\services\NS.Purchase.API\NS.Purchase.API.csproj", "{8602600A-C92B-4523-AB09-6199D548F8DD}"
EndProject
Global
	GlobalSection(SolutionConfigurationPlatforms) = preSolution
		Debug|Any CPU = Debug|Any CPU
		Release|Any CPU = Release|Any CPU
	EndGlobalSection
	GlobalSection(ProjectConfigurationPlatforms) = postSolution
		{B6BD4CA4-4161-489A-A3A4-5081537D3E47}.Debug|Any CPU.ActiveCfg = Debug|Any CPU
		{B6BD4CA4-4161-489A-A3A4-5081537D3E47}.Debug|Any CPU.Build.0 = Debug|Any CPU
		{B6BD4CA4-4161-489A-A3A4-5081537D3E47}.Release|Any CPU.ActiveCfg = Release|Any CPU
		{B6BD4CA4-4161-489A-A3A4-5081537D3E47}.Release|Any CPU.Build.0 = Release|Any CPU
		{0B686191-DADC-43E3-98F3-967D4C81BE40}.Debug|Any CPU.ActiveCfg = Debug|Any CPU
		{0B686191-DADC-43E3-98F3-967D4C81BE40}.Debug|Any CPU.Build.0 = Debug|Any CPU
		{0B686191-DADC-43E3-98F3-967D4C81BE40}.Release|Any CPU.ActiveCfg = Release|Any CPU
		{0B686191-DADC-43E3-98F3-967D4C81BE40}.Release|Any CPU.Build.0 = Release|Any CPU
		{1BDDE343-8DD1-4FEF-9C19-8885277FC515}.Debug|Any CPU.ActiveCfg = Debug|Any CPU
		{1BDDE343-8DD1-4FEF-9C19-8885277FC515}.Debug|Any CPU.Build.0 = Debug|Any CPU
		{1BDDE343-8DD1-4FEF-9C19-8885277FC515}.Release|Any CPU.ActiveCfg = Release|Any CPU
		{1BDDE343-8DD1-4FEF-9C19-8885277FC515}.Release|Any CPU.Build.0 = Release|Any CPU
		{9A0AD8BE-6506-4470-9AB2-57D1AAE002F6}.Debug|Any CPU.ActiveCfg = Debug|Any CPU
		{9A0AD8BE-6506-4470-9AB2-57D1AAE002F6}.Debug|Any CPU.Build.0 = Debug|Any CPU
		{9A0AD8BE-6506-4470-9AB2-57D1AAE002F6}.Release|Any CPU.ActiveCfg = Release|Any CPU
		{9A0AD8BE-6506-4470-9AB2-57D1AAE002F6}.Release|Any CPU.Build.0 = Release|Any CPU
		{7EC5BCED-0399-4C7C-AE4F-BDD0D12674D7}.Debug|Any CPU.ActiveCfg = Debug|Any CPU
		{7EC5BCED-0399-4C7C-AE4F-BDD0D12674D7}.Debug|Any CPU.Build.0 = Debug|Any CPU
		{7EC5BCED-0399-4C7C-AE4F-BDD0D12674D7}.Release|Any CPU.ActiveCfg = Release|Any CPU
		{7EC5BCED-0399-4C7C-AE4F-BDD0D12674D7}.Release|Any CPU.Build.0 = Release|Any CPU
		{20C14438-8F49-4DF7-A49E-76FF3E946D0A}.Debug|Any CPU.ActiveCfg = Debug|Any CPU
		{20C14438-8F49-4DF7-A49E-76FF3E946D0A}.Debug|Any CPU.Build.0 = Debug|Any CPU
		{20C14438-8F49-4DF7-A49E-76FF3E946D0A}.Release|Any CPU.ActiveCfg = Release|Any CPU
		{20C14438-8F49-4DF7-A49E-76FF3E946D0A}.Release|Any CPU.Build.0 = Release|Any CPU
		{D8B49AC2-277F-43F1-91AB-9FFB10F1F0B8}.Debug|Any CPU.ActiveCfg = Debug|Any CPU
		{D8B49AC2-277F-43F1-91AB-9FFB10F1F0B8}.Debug|Any CPU.Build.0 = Debug|Any CPU
		{D8B49AC2-277F-43F1-91AB-9FFB10F1F0B8}.Release|Any CPU.ActiveCfg = Release|Any CPU
		{D8B49AC2-277F-43F1-91AB-9FFB10F1F0B8}.Release|Any CPU.Build.0 = Release|Any CPU
		{8602600A-C92B-4523-AB09-6199D548F8DD}.Debug|Any CPU.ActiveCfg = Debug|Any CPU
		{8602600A-C92B-4523-AB09-6199D548F8DD}.Debug|Any CPU.Build.0 = Debug|Any CPU
		{8602600A-C92B-4523-AB09-6199D548F8DD}.Release|Any CPU.ActiveCfg = Release|Any CPU
		{8602600A-C92B-4523-AB09-6199D548F8DD}.Release|Any CPU.Build.0 = Release|Any CPU
	EndGlobalSection
	GlobalSection(SolutionProperties) = preSolution
		HideSolutionNode = FALSE
	EndGlobalSection
	GlobalSection(NestedProjects) = preSolution
		{CC8B2A90-5D92-4D8F-BE7C-4AF473ADC0BA} = {C6554F25-336C-483C-960C-13A9CFB1508F}
		{108D40A7-248D-4986-B456-AE0108B7A366} = {C6554F25-336C-483C-960C-13A9CFB1508F}
		{468DF039-C050-4BA0-BC81-2B4CAFCE54E7} = {C6554F25-336C-483C-960C-13A9CFB1508F}
		{54C5CA2E-65E0-4826-A08B-A8A0528DB6BE} = {108D40A7-248D-4986-B456-AE0108B7A366}
		{B6BD4CA4-4161-489A-A3A4-5081537D3E47} = {54C5CA2E-65E0-4826-A08B-A8A0528DB6BE}
		{97604FA2-DB32-4AE2-8C2A-C249EA731913} = {468DF039-C050-4BA0-BC81-2B4CAFCE54E7}
		{0B686191-DADC-43E3-98F3-967D4C81BE40} = {97604FA2-DB32-4AE2-8C2A-C249EA731913}
		{315DA7B6-6880-4FB9-8F30-0CB4A2CDD205} = {CC8B2A90-5D92-4D8F-BE7C-4AF473ADC0BA}
		{1BDDE343-8DD1-4FEF-9C19-8885277FC515} = {315DA7B6-6880-4FB9-8F30-0CB4A2CDD205}
		{5AFA573A-1F7F-4149-8299-52E99A40D162} = {108D40A7-248D-4986-B456-AE0108B7A366}
		{6092BC41-FA93-4B9D-973D-499CDCFF7E6A} = {108D40A7-248D-4986-B456-AE0108B7A366}
		{9E6D1C65-9C16-430C-BEC6-9B4FD9D3EF52} = {108D40A7-248D-4986-B456-AE0108B7A366}
		{2F41F69F-8F7A-4CCC-9DAD-98EDB52F5978} = {108D40A7-248D-4986-B456-AE0108B7A366}
		{F085D14A-095B-46A4-BF62-C1218BCC5AD2} = {108D40A7-248D-4986-B456-AE0108B7A366}
		{9A0AD8BE-6506-4470-9AB2-57D1AAE002F6} = {5AFA573A-1F7F-4149-8299-52E99A40D162}
		{7EC5BCED-0399-4C7C-AE4F-BDD0D12674D7} = {6092BC41-FA93-4B9D-973D-499CDCFF7E6A}
		{20C14438-8F49-4DF7-A49E-76FF3E946D0A} = {9E6D1C65-9C16-430C-BEC6-9B4FD9D3EF52}
		{D8B49AC2-277F-43F1-91AB-9FFB10F1F0B8} = {F085D14A-095B-46A4-BF62-C1218BCC5AD2}
		{8602600A-C92B-4523-AB09-6199D548F8DD} = {2F41F69F-8F7A-4CCC-9DAD-98EDB52F5978}
	EndGlobalSection
	GlobalSection(ExtensibilityGlobals) = postSolution
		SolutionGuid = {FDB2C192-ACCB-40F9-BD5D-F0ADCABF0953}
	EndGlobalSection
EndGlobal
